
Microsoft Visual Studio Solution File, Format Version 12.00
# Visual Studio 15
VisualStudioVersion = 15.0.27703.2042
MinimumVisualStudioVersion = 10.0.40219.1
Project("{9A19103F-16F7-4668-BE54-9A1E7A4F7556}") = "MyFinance", "MyFinance\MyFinance.csproj", "{135DE15A-EF74-48A7-BC94-FC191B7CA8D2}"
EndProject
Project("{FAE04EC0-301F-11D3-BF4B-00C04F79EFBC}") = "TesteDoProjeto", "TesteDoProjeto\TesteDoProjeto.csproj", "{D3226A23-F573-4499-90C8-5CC87AF18A58}"
EndProject
Global
	GlobalSection(SolutionConfigurationPlatforms) = preSolution
		Debug|Any CPU = Debug|Any CPU
		Release|Any CPU = Release|Any CPU
	EndGlobalSection
	GlobalSection(ProjectConfigurationPlatforms) = postSolution
		{135DE15A-EF74-48A7-BC94-FC191B7CA8D2}.Debug|Any CPU.ActiveCfg = Debug|Any CPU
		{135DE15A-EF74-48A7-BC94-FC191B7CA8D2}.Debug|Any CPU.Build.0 = Debug|Any CPU
		{135DE15A-EF74-48A7-BC94-FC191B7CA8D2}.Release|Any CPU.ActiveCfg = Release|Any CPU
		{135DE15A-EF74-48A7-BC94-FC191B7CA8D2}.Release|Any CPU.Build.0 = Release|Any CPU
		{D3226A23-F573-4499-90C8-5CC87AF18A58}.Debug|Any CPU.ActiveCfg = Debug|Any CPU
		{D3226A23-F573-4499-90C8-5CC87AF18A58}.Debug|Any CPU.Build.0 = Debug|Any CPU
		{D3226A23-F573-4499-90C8-5CC87AF18A58}.Release|Any CPU.ActiveCfg = Release|Any CPU
		{D3226A23-F573-4499-90C8-5CC87AF18A58}.Release|Any CPU.Build.0 = Release|Any CPU
	EndGlobalSection
	GlobalSection(SolutionProperties) = preSolution
		HideSolutionNode = FALSE
	EndGlobalSection
	GlobalSection(ExtensibilityGlobals) = postSolution
		SolutionGuid = {EDFDADA3-1BB1-43BE-9AD0-BA733C26F13B}
	EndGlobalSection
EndGlobal
