
Microsoft Visual Studio Solution File, Format Version 12.00
# Visual Studio 15
VisualStudioVersion = 15.0.27703.2042
MinimumVisualStudioVersion = 10.0.40219.1
Project("{FAE04EC0-301F-11D3-BF4B-00C04F79EFBC}") = "ASPNETMVC", "ASPNETMVC\ASPNETMVC.csproj", "{8A8F90E2-79B9-4D1B-A216-15A5C9E47F34}"
EndProject
Global
	GlobalSection(SolutionConfigurationPlatforms) = preSolution
		Debug|Any CPU = Debug|Any CPU
		Release|Any CPU = Release|Any CPU
	EndGlobalSection
	GlobalSection(ProjectConfigurationPlatforms) = postSolution
		{8A8F90E2-79B9-4D1B-A216-15A5C9E47F34}.Debug|Any CPU.ActiveCfg = Debug|Any CPU
		{8A8F90E2-79B9-4D1B-A216-15A5C9E47F34}.Debug|Any CPU.Build.0 = Debug|Any CPU
		{8A8F90E2-79B9-4D1B-A216-15A5C9E47F34}.Release|Any CPU.ActiveCfg = Release|Any CPU
		{8A8F90E2-79B9-4D1B-A216-15A5C9E47F34}.Release|Any CPU.Build.0 = Release|Any CPU
	EndGlobalSection
	GlobalSection(SolutionProperties) = preSolution
		HideSolutionNode = FALSE
	EndGlobalSection
	GlobalSection(ExtensibilityGlobals) = postSolution
		SolutionGuid = {223DC301-CA13-4A35-A1D0-200C9C985286}
	EndGlobalSection
EndGlobal
